
Microsoft Visual Studio Solution File, Format Version 12.00
# Visual Studio Version 17
VisualStudioVersion = 17.4.33403.182
MinimumVisualStudioVersion = 10.0.40219.1
Project("{9A19103F-16F7-4668-BE54-9A1E7A4F7556}") = "JobsityChat", "JobsityChat\JobsityChat.csproj", "{282116E6-47EC-4125-881A-A09DFE43727D}"
EndProject
Project("{9A19103F-16F7-4668-BE54-9A1E7A4F7556}") = "RabbitMqConsole", "RabbitMqConsole\RabbitMqConsole.csproj", "{D1D50A7A-8732-41A4-9B67-AD3CD2F662B9}"
EndProject
Project("{9A19103F-16F7-4668-BE54-9A1E7A4F7556}") = "StockApi", "StockApi\StockApi.csproj", "{9BB8A589-0318-4369-92BF-C5053892BEEE}"
EndProject
Project("{FAE04EC0-301F-11D3-BF4B-00C04F79EFBC}") = "JobsityChat.Test", "JobsityChat.Tests\JobsityChat.Test.csproj", "{E1301CE1-92FC-485A-B27C-0229871AC12E}"
EndProject
Project("{FAE04EC0-301F-11D3-BF4B-00C04F79EFBC}") = "StockApi.Test", "StockApi.Test\StockApi.Test.csproj", "{F78FDB17-CA6D-4AD2-8DDB-BF325451B4FA}"
EndProject
Global
	GlobalSection(SolutionConfigurationPlatforms) = preSolution
		Debug|Any CPU = Debug|Any CPU
		Release|Any CPU = Release|Any CPU
	EndGlobalSection
	GlobalSection(ProjectConfigurationPlatforms) = postSolution
		{282116E6-47EC-4125-881A-A09DFE43727D}.Debug|Any CPU.ActiveCfg = Debug|Any CPU
		{282116E6-47EC-4125-881A-A09DFE43727D}.Debug|Any CPU.Build.0 = Debug|Any CPU
		{282116E6-47EC-4125-881A-A09DFE43727D}.Release|Any CPU.ActiveCfg = Release|Any CPU
		{282116E6-47EC-4125-881A-A09DFE43727D}.Release|Any CPU.Build.0 = Release|Any CPU
		{D1D50A7A-8732-41A4-9B67-AD3CD2F662B9}.Debug|Any CPU.ActiveCfg = Debug|Any CPU
		{D1D50A7A-8732-41A4-9B67-AD3CD2F662B9}.Debug|Any CPU.Build.0 = Debug|Any CPU
		{D1D50A7A-8732-41A4-9B67-AD3CD2F662B9}.Release|Any CPU.ActiveCfg = Release|Any CPU
		{D1D50A7A-8732-41A4-9B67-AD3CD2F662B9}.Release|Any CPU.Build.0 = Release|Any CPU
		{9BB8A589-0318-4369-92BF-C5053892BEEE}.Debug|Any CPU.ActiveCfg = Debug|Any CPU
		{9BB8A589-0318-4369-92BF-C5053892BEEE}.Debug|Any CPU.Build.0 = Debug|Any CPU
		{9BB8A589-0318-4369-92BF-C5053892BEEE}.Release|Any CPU.ActiveCfg = Release|Any CPU
		{9BB8A589-0318-4369-92BF-C5053892BEEE}.Release|Any CPU.Build.0 = Release|Any CPU
		{E1301CE1-92FC-485A-B27C-0229871AC12E}.Debug|Any CPU.ActiveCfg = Debug|Any CPU
		{E1301CE1-92FC-485A-B27C-0229871AC12E}.Debug|Any CPU.Build.0 = Debug|Any CPU
		{E1301CE1-92FC-485A-B27C-0229871AC12E}.Release|Any CPU.ActiveCfg = Release|Any CPU
		{E1301CE1-92FC-485A-B27C-0229871AC12E}.Release|Any CPU.Build.0 = Release|Any CPU
		{F78FDB17-CA6D-4AD2-8DDB-BF325451B4FA}.Debug|Any CPU.ActiveCfg = Debug|Any CPU
		{F78FDB17-CA6D-4AD2-8DDB-BF325451B4FA}.Debug|Any CPU.Build.0 = Debug|Any CPU
		{F78FDB17-CA6D-4AD2-8DDB-BF325451B4FA}.Release|Any CPU.ActiveCfg = Release|Any CPU
		{F78FDB17-CA6D-4AD2-8DDB-BF325451B4FA}.Release|Any CPU.Build.0 = Release|Any CPU
	EndGlobalSection
	GlobalSection(SolutionProperties) = preSolution
		HideSolutionNode = FALSE
	EndGlobalSection
	GlobalSection(ExtensibilityGlobals) = postSolution
		SolutionGuid = {A5AA8275-78C4-4691-A7A1-C78C2C435752}
	EndGlobalSection
EndGlobal
